
Microsoft Visual Studio Solution File, Format Version 12.00
# Visual Studio Version 17
VisualStudioVersion = 17.0.31903.59
MinimumVisualStudioVersion = 10.0.40219.1
Project("{FAE04EC0-301F-11D3-BF4B-00C04F79EFBC}") = "Beztek.Facade.Cache", "CacheFacade\Beztek.Facade.Cache.csproj", "{8998DE37-BB1E-49C9-A673-271C93A45546}"
EndProject
Project("{FAE04EC0-301F-11D3-BF4B-00C04F79EFBC}") = "Beztek.Facade.Cache.Tests", "CacheFacade.Tests\Beztek.Facade.Cache.Tests.csproj", "{C5320688-7280-4D86-AB03-01676B1ABA8D}"
EndProject
Global
	GlobalSection(SolutionConfigurationPlatforms) = preSolution
		Debug|Any CPU = Debug|Any CPU
		Release|Any CPU = Release|Any CPU
	EndGlobalSection
	GlobalSection(SolutionProperties) = preSolution
		HideSolutionNode = FALSE
	EndGlobalSection
	GlobalSection(ProjectConfigurationPlatforms) = postSolution
		{8998DE37-BB1E-49C9-A673-271C93A45546}.Debug|Any CPU.ActiveCfg = Debug|Any CPU
		{8998DE37-BB1E-49C9-A673-271C93A45546}.Debug|Any CPU.Build.0 = Debug|Any CPU
		{8998DE37-BB1E-49C9-A673-271C93A45546}.Release|Any CPU.ActiveCfg = Release|Any CPU
		{8998DE37-BB1E-49C9-A673-271C93A45546}.Release|Any CPU.Build.0 = Release|Any CPU
		{C5320688-7280-4D86-AB03-01676B1ABA8D}.Debug|Any CPU.ActiveCfg = Debug|Any CPU
		{C5320688-7280-4D86-AB03-01676B1ABA8D}.Debug|Any CPU.Build.0 = Debug|Any CPU
		{C5320688-7280-4D86-AB03-01676B1ABA8D}.Release|Any CPU.ActiveCfg = Release|Any CPU
		{C5320688-7280-4D86-AB03-01676B1ABA8D}.Release|Any CPU.Build.0 = Release|Any CPU
	EndGlobalSection
EndGlobal
